
Microsoft Visual Studio Solution File, Format Version 12.00
# Visual Studio Version 17
VisualStudioVersion = 17.3.32901.215
MinimumVisualStudioVersion = 10.0.40219.1
Project("{9A19103F-16F7-4668-BE54-9A1E7A4F7556}") = "BillTrackerClient.App", "BillTrackerClient.App\BillTrackerClient.App.csproj", "{E841E1B0-A51D-4AB3-9432-59232E851AFB}"
EndProject
Project("{FAE04EC0-301F-11D3-BF4B-00C04F79EFBC}") = "BillTrackerClient.DataAccess", "BillTrackerClient.DataAccess\BillTrackerClient.DataAccess.csproj", "{77892142-B791-436E-97E9-C8EA4DBD9A69}"
EndProject
Project("{FAE04EC0-301F-11D3-BF4B-00C04F79EFBC}") = "BillTrackerClient.Core", "BillTrackerClient.Core\BillTrackerClient.Core.csproj", "{781BA495-428A-4000-B44A-C2624B39BD93}"
EndProject
Global
	GlobalSection(SolutionConfigurationPlatforms) = preSolution
		Debug|Any CPU = Debug|Any CPU
		Release|Any CPU = Release|Any CPU
	EndGlobalSection
	GlobalSection(ProjectConfigurationPlatforms) = postSolution
		{E841E1B0-A51D-4AB3-9432-59232E851AFB}.Debug|Any CPU.ActiveCfg = Debug|Any CPU
		{E841E1B0-A51D-4AB3-9432-59232E851AFB}.Debug|Any CPU.Build.0 = Debug|Any CPU
		{E841E1B0-A51D-4AB3-9432-59232E851AFB}.Release|Any CPU.ActiveCfg = Release|Any CPU
		{E841E1B0-A51D-4AB3-9432-59232E851AFB}.Release|Any CPU.Build.0 = Release|Any CPU
		{77892142-B791-436E-97E9-C8EA4DBD9A69}.Debug|Any CPU.ActiveCfg = Debug|Any CPU
		{77892142-B791-436E-97E9-C8EA4DBD9A69}.Debug|Any CPU.Build.0 = Debug|Any CPU
		{77892142-B791-436E-97E9-C8EA4DBD9A69}.Release|Any CPU.ActiveCfg = Release|Any CPU
		{77892142-B791-436E-97E9-C8EA4DBD9A69}.Release|Any CPU.Build.0 = Release|Any CPU
		{781BA495-428A-4000-B44A-C2624B39BD93}.Debug|Any CPU.ActiveCfg = Debug|Any CPU
		{781BA495-428A-4000-B44A-C2624B39BD93}.Debug|Any CPU.Build.0 = Debug|Any CPU
		{781BA495-428A-4000-B44A-C2624B39BD93}.Release|Any CPU.ActiveCfg = Release|Any CPU
		{781BA495-428A-4000-B44A-C2624B39BD93}.Release|Any CPU.Build.0 = Release|Any CPU
	EndGlobalSection
	GlobalSection(SolutionProperties) = preSolution
		HideSolutionNode = FALSE
	EndGlobalSection
	GlobalSection(ExtensibilityGlobals) = postSolution
		SolutionGuid = {34C2F2C5-965F-4C38-BC25-ADFE7E4215FA}
	EndGlobalSection
EndGlobal
